
Microsoft Visual Studio Solution File, Format Version 12.00
# Visual Studio 2012
Project("{2150E333-8FDC-42A3-9474-1A3956D46DE8}") = "Solution Items", "Solution Items", "{F016F31C-0135-40B6-928F-A41BFCB50B94}"
	ProjectSection(SolutionItems) = preProject
		Local.testsettings = Local.testsettings
		MvcApplication1.vsmdi = MvcApplication1.vsmdi
		Performance1.psess = Performance1.psess
		Performance2.psess = Performance2.psess
		Performance3.psess = Performance3.psess
		Performance4.psess = Performance4.psess
		TraceAndTestImpact.testsettings = TraceAndTestImpact.testsettings
	EndProjectSection
EndProject
Project("{FAE04EC0-301F-11D3-BF4B-00C04F79EFBC}") = "MvcApplication1", "MvcApplication1\MvcApplication1.csproj", "{06F5F235-4746-4D6C-8BD6-0961DC36F292}"
EndProject
Project("{FAE04EC0-301F-11D3-BF4B-00C04F79EFBC}") = "Raza.Model", "Raza.Model\Raza.Model.csproj", "{C3C850B2-3941-4E33-A21A-23CBEAF80690}"
EndProject
Project("{FAE04EC0-301F-11D3-BF4B-00C04F79EFBC}") = "Raza.Repository", "Raza.Repository\Raza.Repository.csproj", "{6D2F059C-4C13-4AA9-8F5B-0AF6CC9E6056}"
EndProject
Project("{FAE04EC0-301F-11D3-BF4B-00C04F79EFBC}") = "Raza.Common", "Raza.Common\Raza.Common.csproj", "{232A1F10-3C86-4A5D-87A6-3EA5FD3FFF37}"
EndProject
Project("{FAE04EC0-301F-11D3-BF4B-00C04F79EFBC}") = "Raza.Test", "Raza.Test\Raza.Test.csproj", "{5F0CDB3C-AC75-4C6D-9D5D-F55DCDFD18D2}"
EndProject
Global
	GlobalSection(TestCaseManagementSettings) = postSolution
		CategoryFile = MvcApplication1.vsmdi
	EndGlobalSection
	GlobalSection(SolutionConfigurationPlatforms) = preSolution
		Debug|Any CPU = Debug|Any CPU
		Release|Any CPU = Release|Any CPU
	EndGlobalSection
	GlobalSection(ProjectConfigurationPlatforms) = postSolution
		{06F5F235-4746-4D6C-8BD6-0961DC36F292}.Debug|Any CPU.ActiveCfg = Debug|Any CPU
		{06F5F235-4746-4D6C-8BD6-0961DC36F292}.Debug|Any CPU.Build.0 = Debug|Any CPU
		{06F5F235-4746-4D6C-8BD6-0961DC36F292}.Release|Any CPU.ActiveCfg = Release|Any CPU
		{06F5F235-4746-4D6C-8BD6-0961DC36F292}.Release|Any CPU.Build.0 = Release|Any CPU
		{C3C850B2-3941-4E33-A21A-23CBEAF80690}.Debug|Any CPU.ActiveCfg = Debug|Any CPU
		{C3C850B2-3941-4E33-A21A-23CBEAF80690}.Debug|Any CPU.Build.0 = Debug|Any CPU
		{C3C850B2-3941-4E33-A21A-23CBEAF80690}.Release|Any CPU.ActiveCfg = Release|Any CPU
		{C3C850B2-3941-4E33-A21A-23CBEAF80690}.Release|Any CPU.Build.0 = Release|Any CPU
		{6D2F059C-4C13-4AA9-8F5B-0AF6CC9E6056}.Debug|Any CPU.ActiveCfg = Debug|Any CPU
		{6D2F059C-4C13-4AA9-8F5B-0AF6CC9E6056}.Debug|Any CPU.Build.0 = Debug|Any CPU
		{6D2F059C-4C13-4AA9-8F5B-0AF6CC9E6056}.Release|Any CPU.ActiveCfg = Release|Any CPU
		{6D2F059C-4C13-4AA9-8F5B-0AF6CC9E6056}.Release|Any CPU.Build.0 = Release|Any CPU
		{232A1F10-3C86-4A5D-87A6-3EA5FD3FFF37}.Debug|Any CPU.ActiveCfg = Debug|Any CPU
		{232A1F10-3C86-4A5D-87A6-3EA5FD3FFF37}.Debug|Any CPU.Build.0 = Debug|Any CPU
		{232A1F10-3C86-4A5D-87A6-3EA5FD3FFF37}.Release|Any CPU.ActiveCfg = Release|Any CPU
		{232A1F10-3C86-4A5D-87A6-3EA5FD3FFF37}.Release|Any CPU.Build.0 = Release|Any CPU
		{5F0CDB3C-AC75-4C6D-9D5D-F55DCDFD18D2}.Debug|Any CPU.ActiveCfg = Debug|Any CPU
		{5F0CDB3C-AC75-4C6D-9D5D-F55DCDFD18D2}.Debug|Any CPU.Build.0 = Debug|Any CPU
		{5F0CDB3C-AC75-4C6D-9D5D-F55DCDFD18D2}.Release|Any CPU.ActiveCfg = Release|Any CPU
		{5F0CDB3C-AC75-4C6D-9D5D-F55DCDFD18D2}.Release|Any CPU.Build.0 = Release|Any CPU
	EndGlobalSection
	GlobalSection(SolutionProperties) = preSolution
		HideSolutionNode = FALSE
	EndGlobalSection
EndGlobal
